{
  "name": "@curefit/testa",
  "version": "2.0.320",
  "lockfileVersion": 1,
  "requires": true,
  "dependencies": {
    "@curefit/testb": {
      "version": "1.0.323",
      "resolved": "https://registry.npmjs.org/@curefit/testb/-/testb-1.0.323.tgz",
      "integrity": "sha512-MASy77Z0F9yR6K6mdpKXbf9I5O57hi+0DdCYRZR6R0ddlztBjYB3E23FT4xCTYIEGp6hMy2IFL96EKH6zMGhTg==",
      "requires": {
        "@curefit/testd": "^1.0.346"
      }
    },
    "@curefit/testc": {
      "version": "1.0.282",
      "resolved": "https://registry.npmjs.org/@curefit/testc/-/testc-1.0.282.tgz",
      "integrity": "sha512-htcH0YcTs2LbJxFB4oC/JKXX727Wg7gKu887AOq4gofxeGZImXcPdI7agMOFu9evlMnQ0UPlYhuHakEqhkQ7sw==",
      "requires": {
        "@curefit/testd": "^1.0.346"
      }
    },
    "@curefit/testd": {
      "version": "1.0.346",
      "resolved": "https://registry.npmjs.org/@curefit/testd/-/testd-1.0.346.tgz",
      "integrity": "sha512-BLpW+1WZvC/goINXQL343AIdHN0eH/ZOVNvCKcLKY/HBc8h/SofcZxaEOOx6EPnaglbOrRcMyiOGbaGvpx1pBw=="
    }
  }
}
