{
  "name": "@curefit/testa",
  "version": "2.0.261",
  "lockfileVersion": 1,
  "requires": true,
  "dependencies": {
    "@curefit/testb": {
      "version": "1.0.268",
      "resolved": "https://registry.npmjs.org/@curefit/testb/-/testb-1.0.268.tgz",
      "integrity": "sha512-z4VRAXQLJFAS+mcxfs1XUuzcIBw/Vwvho2a2Q6tLeRrekqaGQV4/iLP2CIX14VuQCgMWd2YxZqXkCdh3L4Zlfg==",
      "requires": {
        "@curefit/testd": "^1.0.273"
      }
    },
    "@curefit/testc": {
      "version": "1.0.233",
      "resolved": "https://registry.npmjs.org/@curefit/testc/-/testc-1.0.233.tgz",
      "integrity": "sha512-brdLNa60Vq86OMHQh3Qb2VMg7DuoeVRLpBUrGIo1ijoUXiuzDXxtezvQcupbXVxAPGeHGXWBUg4wTd4pDcIu9g==",
      "requires": {
        "@curefit/testd": "^1.0.273"
      }
    },
    "@curefit/testd": {
      "version": "1.0.273",
      "resolved": "https://registry.npmjs.org/@curefit/testd/-/testd-1.0.273.tgz",
      "integrity": "sha512-iNyBYknrt2lxsT0+cx5z63J/zPGi/jibf+xK2HRaDmNxqmWm+uXELr4YfPQF96FpwtSnSBnjWoF5jL9VKwndLg=="
    }
  }
}
