{
  "name": "@curefit/testa",
  "version": "2.0.33",
  "lockfileVersion": 1,
  "requires": true,
  "dependencies": {
    "@curefit/testa": {
      "version": "2.0.32",
      "resolved": "https://registry.npmjs.org/@curefit/testa/-/testa-2.0.32.tgz",
      "integrity": "sha512-vs2d2vPGQ58CTWu+/ejsXav4MJIROKqZMgHZi4UsAhinZEWJsyVBGKTROVSxbXOnimgZ4Ux1AV+T+eTxMSmCfQ==",
      "requires": {
        "@curefit/testb": "^1.0.52"
      }
    },
    "@curefit/testb": {
      "version": "1.0.53",
      "resolved": "https://registry.npmjs.org/@curefit/testb/-/testb-1.0.53.tgz",
      "integrity": "sha512-3KRgHxZt3V71yFBicVS4K/yHWLuILp8NDEgUxYAENtdyLbH67gzaABOKMKHPPN0La+0axVZH43wJNknzPQdH6A==",
      "requires": {
        "@curefit/testc": "^1.0.33"
      }
    },
    "@curefit/testc": {
      "version": "1.0.33",
      "resolved": "https://registry.npmjs.org/@curefit/testc/-/testc-1.0.33.tgz",
      "integrity": "sha512-ZLiIkA7baALhxt+XnJUvl+g6qX4YQDB+CKm4jH6/8xGzK06IGAMYMoURkBocfDvjrS8cRjfprg3d7TOyayUkog==",
      "requires": {
        "@curefit/testa": "^2.0.29"
      }
    }
  }
}
